Microsoft Visual Studio Solution File, Format Version 12.00
# Visual Studio Version 17
VisualStudioVersion = 17.5.2.0
MinimumVisualStudioVersion = 10.0.40219.1
Project("{FAE04EC0-301F-11D3-BF4B-00C04F79EFBC}") = "MacroPulseMCP", "MacroPulseMCP\MacroPulseMCP.csproj", "{6C869135-E49E-4DC5-BCFA-D3A38132729A}"
EndProject
Global
	GlobalSection(SolutionConfigurationPlatforms) = preSolution
		Debug|Any CPU = Debug|Any CPU
		Release|Any CPU = Release|Any CPU
	EndGlobalSection
	GlobalSection(ProjectConfigurationPlatforms) = postSolution
		{6C869135-E49E-4DC5-BCFA-D3A38132729A}.Debug|Any CPU.ActiveCfg = Debug|Any CPU
		{6C869135-E49E-4DC5-BCFA-D3A38132729A}.Debug|Any CPU.Build.0 = Debug|Any CPU
		{6C869135-E49E-4DC5-BCFA-D3A38132729A}.Release|Any CPU.ActiveCfg = Release|Any CPU
		{6C869135-E49E-4DC5-BCFA-D3A38132729A}.Release|Any CPU.Build.0 = Release|Any CPU
	EndGlobalSection
	GlobalSection(SolutionProperties) = preSolution
		HideSolutionNode = FALSE
	EndGlobalSection
	GlobalSection(ExtensibilityGlobals) = postSolution
		SolutionGuid = {EBC00B91-7E9F-433B-B2C5-EC90382026B3}
	EndGlobalSection
EndGlobal
